<?xml version="1.0" encoding="utf-8"?>
<Project ToolsVersion="4.0" xmlns="http://schemas.microsoft.com/developer/msbuild/2003">
  <ItemGroup>
    <Filter Include="app">
      <UniqueIdentifier>{a4017d29-3b64-4ec8-9c8f-341250009e47}</UniqueIdentifier>
    </Filter>
  </ItemGroup>
  <ItemGroup>
    <ClCompile Include="app\dlg_system.cpp">
      <Filter>app</Filter>
    </ClCompile>
    <ClCompile Include="stdafx.cpp" />
  </ItemGroup>
  <ItemGroup>
    <ClInclude Include="app\dlg_system.h">
      <Filter>app</Filter>
    </ClInclude>
    <ClInclude Include="stdafx.h" />
  </ItemGroup>
</Project>